
Microsoft Visual Studio Solution File, Format Version 12.00
# Visual Studio Version 17
VisualStudioVersion = 17.9.34728.123
MinimumVisualStudioVersion = 10.0.40219.1
Project("{9A19103F-16F7-4668-BE54-9A1E7A4F7556}") = "Automarket.Application", "Automarket.Application.csproj", "{B3F99AA5-8BB9-4BAA-BFCC-3608F1EE28FA}"
EndProject
Global
	GlobalSection(SolutionConfigurationPlatforms) = preSolution
		Debug|Any CPU = Debug|Any CPU
		Release|Any CPU = Release|Any CPU
	EndGlobalSection
	GlobalSection(ProjectConfigurationPlatforms) = postSolution
		{B3F99AA5-8BB9-4BAA-BFCC-3608F1EE28FA}.Debug|Any CPU.ActiveCfg = Debug|Any CPU
		{B3F99AA5-8BB9-4BAA-BFCC-3608F1EE28FA}.Debug|Any CPU.Build.0 = Debug|Any CPU
		{B3F99AA5-8BB9-4BAA-BFCC-3608F1EE28FA}.Release|Any CPU.ActiveCfg = Release|Any CPU
		{B3F99AA5-8BB9-4BAA-BFCC-3608F1EE28FA}.Release|Any CPU.Build.0 = Release|Any CPU
	EndGlobalSection
	GlobalSection(SolutionProperties) = preSolution
		HideSolutionNode = FALSE
	EndGlobalSection
	GlobalSection(ExtensibilityGlobals) = postSolution
		SolutionGuid = {6464FEA9-6BB2-4301-97A9-21BFC681ADE4}
	EndGlobalSection
EndGlobal
